context:
  value:
    title: Get in touch
    description: Cum sociis natoque penatibus et magnis dis parturient montes, nascetur ridiculus mus. Maecenas sed diam eget risus varius blandit sit amet non magna.
    department: Something
    name: Blah McBlahface
    website: justgiving.com/foam-friends
    phone_number: 01295 27 00 00
    email: foamfriends@gmail.com
    address: 123 Samaritans Street Stockwood Hill Bristol BS31 5SN
