context:
  value:
    title: TCS London Marathon 2024
    headline: Run with TeamSamaritans and together we can save lives
    description: We're proud to be the charity partner for the 2024 TCS London Marathon. Run with us - in the city or wherever you choose...
    link_text: Apply for your place
    link:
      url: https://www.torchbox.com

tags:
  image:
    value.image width-1300 as image:
      raw: |
        <img src="https://via.placeholder.com/1300x730" alt="Some alt">
