context:
  value:
    title: Call us now
    description: Call 123 456 to speak to a Samaritan
    link:
      title: 'Call us now to talk'
      page: 'Phone'


tags:
  pageurl:
    "value.link.page":
      raw: "#"
  include_block:
    value.call_to_action:
      template_name: "patterns/molecules/streamfield/blocks/service_cta_phone_block.html"
