context:
  value:
    quote: "You may think that all ice is the same, but if you have contaminated ice, you and your family could be risking your health."
    attribution: Karen, caller
    image: fake
    button_link: '#'
    button_text: Read Karen's Story

tags:
  image:
    value.image max-440x440 class="story-call-to-action-block__image":
      raw: |
        <img src="http://via.placeholder.com/440x440" class="story-call-to-action-block__image">
